
Microsoft Visual Studio Solution File, Format Version 12.00
# Visual Studio Version 17
VisualStudioVersion = 17.0.31903.59
MinimumVisualStudioVersion = 10.0.40219.1
Project("{FAE04EC0-301F-11D3-BF4B-00C04F79EFBC}") = "LRU-K", "src\LRU-K\LRU-K.csproj", "{04A0D556-5CCE-4C5C-9CD9-E65C5A7DE224}"
EndProject
Project("{2150E333-8FDC-42A3-9474-1A3956D46DE8}") = "test", "test", "{02EA681E-C7D8-13C7-8484-4AC65E1B71E8}"
EndProject
Project("{FAE04EC0-301F-11D3-BF4B-00C04F79EFBC}") = "LRU-K.Tests", "test\LRU-K.Tests\LRU-K.Tests.csproj", "{F26486CC-2099-468C-A0B9-DB9CCDBAFE70}"
EndProject
Global
	GlobalSection(SolutionConfigurationPlatforms) = preSolution
		Debug|Any CPU = Debug|Any CPU
		Release|Any CPU = Release|Any CPU
	EndGlobalSection
	GlobalSection(ProjectConfigurationPlatforms) = postSolution
		{04A0D556-5CCE-4C5C-9CD9-E65C5A7DE224}.Debug|Any CPU.ActiveCfg = Debug|Any CPU
		{04A0D556-5CCE-4C5C-9CD9-E65C5A7DE224}.Debug|Any CPU.Build.0 = Debug|Any CPU
		{04A0D556-5CCE-4C5C-9CD9-E65C5A7DE224}.Release|Any CPU.ActiveCfg = Release|Any CPU
		{04A0D556-5CCE-4C5C-9CD9-E65C5A7DE224}.Release|Any CPU.Build.0 = Release|Any CPU
		{F26486CC-2099-468C-A0B9-DB9CCDBAFE70}.Debug|Any CPU.ActiveCfg = Debug|Any CPU
		{F26486CC-2099-468C-A0B9-DB9CCDBAFE70}.Debug|Any CPU.Build.0 = Debug|Any CPU
		{F26486CC-2099-468C-A0B9-DB9CCDBAFE70}.Release|Any CPU.ActiveCfg = Release|Any CPU
		{F26486CC-2099-468C-A0B9-DB9CCDBAFE70}.Release|Any CPU.Build.0 = Release|Any CPU
	EndGlobalSection
	GlobalSection(SolutionProperties) = preSolution
		HideSolutionNode = FALSE
	EndGlobalSection
	GlobalSection(NestedProjects) = preSolution
		{F26486CC-2099-468C-A0B9-DB9CCDBAFE70} = {02EA681E-C7D8-13C7-8484-4AC65E1B71E8}
	EndGlobalSection
	GlobalSection(ExtensibilityGlobals) = postSolution
		SolutionGuid = {5967D730-B3AB-493E-8580-95A43B52414E}
	EndGlobalSection
EndGlobal
